
Microsoft Visual Studio Solution File, Format Version 12.00
# Visual Studio Version 16
VisualStudioVersion = 16.0.30717.126
MinimumVisualStudioVersion = 10.0.40219.1
Project("{8BC9CEB8-8B4A-11D0-8D11-00A0C91BC942}") = "fileOperationsWithVector", "fileOperationsWithVector.vcxproj", "{E331EE87-A3C0-44E3-9FB7-43020EE3E102}"
EndProject
Global
	GlobalSection(SolutionConfigurationPlatforms) = preSolution
		Debug|x64 = Debug|x64
		Debug|x86 = Debug|x86
		Release|x64 = Release|x64
		Release|x86 = Release|x86
	EndGlobalSection
	GlobalSection(ProjectConfigurationPlatforms) = postSolution
		{E331EE87-A3C0-44E3-9FB7-43020EE3E102}.Debug|x64.ActiveCfg = Debug|x64
		{E331EE87-A3C0-44E3-9FB7-43020EE3E102}.Debug|x64.Build.0 = Debug|x64
		{E331EE87-A3C0-44E3-9FB7-43020EE3E102}.Debug|x86.ActiveCfg = Debug|Win32
		{E331EE87-A3C0-44E3-9FB7-43020EE3E102}.Debug|x86.Build.0 = Debug|Win32
		{E331EE87-A3C0-44E3-9FB7-43020EE3E102}.Release|x64.ActiveCfg = Release|x64
		{E331EE87-A3C0-44E3-9FB7-43020EE3E102}.Release|x64.Build.0 = Release|x64
		{E331EE87-A3C0-44E3-9FB7-43020EE3E102}.Release|x86.ActiveCfg = Release|Win32
		{E331EE87-A3C0-44E3-9FB7-43020EE3E102}.Release|x86.Build.0 = Release|Win32
	EndGlobalSection
	GlobalSection(SolutionProperties) = preSolution
		HideSolutionNode = FALSE
	EndGlobalSection
	GlobalSection(ExtensibilityGlobals) = postSolution
		SolutionGuid = {8AA950BE-569E-4053-83BB-BE8DFC42BB3C}
	EndGlobalSection
EndGlobal
